
Microsoft Visual Studio Solution File, Format Version 12.00
# Visual Studio Version 17
VisualStudioVersion = 17.14.36327.8 d17.14
MinimumVisualStudioVersion = 10.0.40219.1
Project("{FAE04EC0-301F-11D3-BF4B-00C04F79EFBC}") = "Tictac Toe", "Tictac Toe\Tictac Toe.csproj", "{CD1EDFA5-E162-468D-B460-D8AA5A14C999}"
EndProject
Project("{FAE04EC0-301F-11D3-BF4B-00C04F79EFBC}") = "TickTack_AI_Test", "TickTack_AI_Test\TickTack_AI_Test.csproj", "{38936EED-02EA-4BCB-8103-FC04E5A9614B}"
EndProject
Global
	GlobalSection(SolutionConfigurationPlatforms) = preSolution
		Debug|Any CPU = Debug|Any CPU
		Release|Any CPU = Release|Any CPU
	EndGlobalSection
	GlobalSection(ProjectConfigurationPlatforms) = postSolution
		{CD1EDFA5-E162-468D-B460-D8AA5A14C999}.Debug|Any CPU.ActiveCfg = Debug|Any CPU
		{CD1EDFA5-E162-468D-B460-D8AA5A14C999}.Debug|Any CPU.Build.0 = Debug|Any CPU
		{CD1EDFA5-E162-468D-B460-D8AA5A14C999}.Release|Any CPU.ActiveCfg = Release|Any CPU
		{CD1EDFA5-E162-468D-B460-D8AA5A14C999}.Release|Any CPU.Build.0 = Release|Any CPU
		{38936EED-02EA-4BCB-8103-FC04E5A9614B}.Debug|Any CPU.ActiveCfg = Debug|Any CPU
		{38936EED-02EA-4BCB-8103-FC04E5A9614B}.Debug|Any CPU.Build.0 = Debug|Any CPU
		{38936EED-02EA-4BCB-8103-FC04E5A9614B}.Release|Any CPU.ActiveCfg = Release|Any CPU
		{38936EED-02EA-4BCB-8103-FC04E5A9614B}.Release|Any CPU.Build.0 = Release|Any CPU
	EndGlobalSection
	GlobalSection(SolutionProperties) = preSolution
		HideSolutionNode = FALSE
	EndGlobalSection
	GlobalSection(ExtensibilityGlobals) = postSolution
		SolutionGuid = {9114915C-DE89-4A00-8C70-6B5C3A61508C}
	EndGlobalSection
EndGlobal
